// !$*UTF8*$!
{
	archiveVersion = 1;
	classes = {
	};
	objectVersion = 46;
	objects = {

/* Begin PBXBuildFile section */
		7811FA365087491747E10638 /* Pods_E_Bike_App.framework in Frameworks */ = {isa = PBXBuildFile; fileRef = 538CC959FD3D7DE95978EC3E /* Pods_E_Bike_App.framework */; };
		A60DBB101F0D6B6E00AAD99D /* GraphViewController.swift in Sources */ = {isa = PBXBuildFile; fileRef = A60DBB0F1F0D6B6E00AAD99D /* GraphViewController.swift */; };
		A60EBC651F5F125D004AF307 /* MyStatsViewController.swift in Sources */ = {isa = PBXBuildFile; fileRef = A60EBC641F5F125D004AF307 /* MyStatsViewController.swift */; };
		A60EBC671F5F307D004AF307 /* LocalAuthentication.framework in Frameworks */ = {isa = PBXBuildFile; fileRef = A60EBC661F5F307D004AF307 /* LocalAuthentication.framework */; };
		A60EBC6B1F5F4E72004AF307 /* SignInWithTouchIDViewController.swift in Sources */ = {isa = PBXBuildFile; fileRef = A60EBC6A1F5F4E72004AF307 /* SignInWithTouchIDViewController.swift */; };
		A6144F981EDDEF6200204D02 /* Utils.swift in Sources */ = {isa = PBXBuildFile; fileRef = A6144F971EDDEF6200204D02 /* Utils.swift */; };
		A6144F9A1EDDF1FC00204D02 /* SplashViewController.swift in Sources */ = {isa = PBXBuildFile; fileRef = A6144F991EDDF1FC00204D02 /* SplashViewController.swift */; };
		A6144F9C1EDDF23C00204D02 /* Constant.swift in Sources */ = {isa = PBXBuildFile; fileRef = A6144F9B1EDDF23C00204D02 /* Constant.swift */; };
		A6144FA01EDDF7DB00204D02 /* AnimatedUILogoView.swift in Sources */ = {isa = PBXBuildFile; fileRef = A6144F9F1EDDF7DB00204D02 /* AnimatedUILogoView.swift */; };
		A6144FA21EDDFC1800204D02 /* RootContainerViewController.swift in Sources */ = {isa = PBXBuildFile; fileRef = A6144FA11EDDFC1800204D02 /* RootContainerViewController.swift */; };
		A6144FA61EDE242B00204D02 /* TileGridView.swift in Sources */ = {isa = PBXBuildFile; fileRef = A6144FA51EDE242B00204D02 /* TileGridView.swift */; };
		A6144FA81EDE243200204D02 /* TileView.swift in Sources */ = {isa = PBXBuildFile; fileRef = A6144FA71EDE243200204D02 /* TileView.swift */; };
		A61680601F1D60F000CE39D3 /* AnimateButtonController.swift in Sources */ = {isa = PBXBuildFile; fileRef = A616805F1F1D60F000CE39D3 /* AnimateButtonController.swift */; };
		A6201F981F439DFF001AD3F1 /* NearPlaces.swift in Sources */ = {isa = PBXBuildFile; fileRef = A6201F971F439DFF001AD3F1 /* NearPlaces.swift */; };
		A62487331F54D37F002D0D7E /* GoogleService-Info.plist in Resources */ = {isa = PBXBuildFile; fileRef = A62487321F54D37F002D0D7E /* GoogleService-Info.plist */; };
		A625DDDD1EC623B600DB521E /* AppDelegate.swift in Sources */ = {isa = PBXBuildFile; fileRef = A625DDDC1EC623B600DB521E /* AppDelegate.swift */; };
		A625DDDF1EC623B600DB521E /* MapViewController.swift in Sources */ = {isa = PBXBuildFile; fileRef = A625DDDE1EC623B600DB521E /* MapViewController.swift */; };
		A625DDE21EC623B600DB521E /* Main.storyboard in Resources */ = {isa = PBXBuildFile; fileRef = A625DDE01EC623B600DB521E /* Main.storyboard */; };
		A625DDE51EC623B600DB521E /* E_Bike_App.xcdatamodeld in Sources */ = {isa = PBXBuildFile; fileRef = A625DDE31EC623B600DB521E /* E_Bike_App.xcdatamodeld */; };
		A625DDE71EC623B600DB521E /* Assets.xcassets in Resources */ = {isa = PBXBuildFile; fileRef = A625DDE61EC623B600DB521E /* Assets.xcassets */; };
		A625DDEA1EC623B600DB521E /* LaunchScreen.storyboard in Resources */ = {isa = PBXBuildFile; fileRef = A625DDE81EC623B600DB521E /* LaunchScreen.storyboard */; };
		A629C8A01F269499002924DE /* CoreDataStack.swift in Sources */ = {isa = PBXBuildFile; fileRef = A629C89E1F269499002924DE /* CoreDataStack.swift */; };
		A629C8A21F269521002924DE /* FormatDisplay.swift in Sources */ = {isa = PBXBuildFile; fileRef = A629C8A11F269521002924DE /* FormatDisplay.swift */; };
		A630165E1F3A6972006C0B7F /* NetworkProcessor.swift in Sources */ = {isa = PBXBuildFile; fileRef = A630165D1F3A6972006C0B7F /* NetworkProcessor.swift */; };
		A63016601F3A741E006C0B7F /* ForecastService.swift in Sources */ = {isa = PBXBuildFile; fileRef = A630165F1F3A741E006C0B7F /* ForecastService.swift */; };
		A63016621F3A7831006C0B7F /* CurrentWeather.swift in Sources */ = {isa = PBXBuildFile; fileRef = A63016611F3A7831006C0B7F /* CurrentWeather.swift */; };
		A6301CF81EEF1D170005EA12 /* SettingCell.swift in Sources */ = {isa = PBXBuildFile; fileRef = A6301CF71EEF1D170005EA12 /* SettingCell.swift */; };
		A6301CFA1EEF4A2E0005EA12 /* LoginViewController.swift in Sources */ = {isa = PBXBuildFile; fileRef = A6301CF91EEF4A2E0005EA12 /* LoginViewController.swift */; };
		A6301CFC1EEF57170005EA12 /* PageCell.swift in Sources */ = {isa = PBXBuildFile; fileRef = A6301CFB1EEF57170005EA12 /* PageCell.swift */; };
		A6301CFE1EF05A190005EA12 /* Page.swift in Sources */ = {isa = PBXBuildFile; fileRef = A6301CFD1EF05A190005EA12 /* Page.swift */; };
		A6301D001EF068680005EA12 /* Extensions.swift in Sources */ = {isa = PBXBuildFile; fileRef = A6301CFF1EF068680005EA12 /* Extensions.swift */; };
		A6303E051EE9F34800A57596 /* SettingsLauncher.swift in Sources */ = {isa = PBXBuildFile; fileRef = A6303E041EE9F34800A57596 /* SettingsLauncher.swift */; };
		A6303E091EEB5BD100A57596 /* ResizeImage.swift in Sources */ = {isa = PBXBuildFile; fileRef = A6303E081EEB5BD100A57596 /* ResizeImage.swift */; };
		A63417E71F561EE600F1CF99 /* DataServiceFirebase.swift in Sources */ = {isa = PBXBuildFile; fileRef = A63417E61F561EE600F1CF99 /* DataServiceFirebase.swift */; };
		A63CC2301EFA121D00F2B7DC /* SignupViewController.swift in Sources */ = {isa = PBXBuildFile; fileRef = A63CC22F1EFA121D00F2B7DC /* SignupViewController.swift */; };
		A6431BDF1F0314A300466972 /* EbikeSettingViewController.swift in Sources */ = {isa = PBXBuildFile; fileRef = A6431BDE1F0314A300466972 /* EbikeSettingViewController.swift */; };
		A64966471F3583240039D768 /* HistoryDetailViewController.swift in Sources */ = {isa = PBXBuildFile; fileRef = A64966461F3583240039D768 /* HistoryDetailViewController.swift */; };
		A64D79BC1ED4DBC800318A91 /* SearchResultsController.swift in Sources */ = {isa = PBXBuildFile; fileRef = A64D79BB1ED4DBC800318A91 /* SearchResultsController.swift */; };
		A64E95A41F4F8CEF00E6C1C1 /* Device.swift in Sources */ = {isa = PBXBuildFile; fileRef = A64E95A31F4F8CEF00E6C1C1 /* Device.swift */; };
		A64E95A61F50B6AA00E6C1C1 /* HeartRateMeasurement.swift in Sources */ = {isa = PBXBuildFile; fileRef = A64E95A51F50B6AA00E6C1C1 /* HeartRateMeasurement.swift */; };
		A64E95A81F548AE700E6C1C1 /* LoginAndOutViewController.swift in Sources */ = {isa = PBXBuildFile; fileRef = A64E95A71F548AE700E6C1C1 /* LoginAndOutViewController.swift */; };
		A65548581F02CAB400968564 /* MenuNavigationViewController.swift in Sources */ = {isa = PBXBuildFile; fileRef = A65548571F02CAB400968564 /* MenuNavigationViewController.swift */; };
		A661BF141F1002410029A905 /* RideStatusViewController.swift in Sources */ = {isa = PBXBuildFile; fileRef = A661BF131F1002410029A905 /* RideStatusViewController.swift */; };
		A663974D1F265B9F009D3C96 /* StoryboardSupport.swift in Sources */ = {isa = PBXBuildFile; fileRef = A663974C1F265B9F009D3C96 /* StoryboardSupport.swift */; };
		A663974F1F2661C1009D3C96 /* LocationManager.swift in Sources */ = {isa = PBXBuildFile; fileRef = A663974E1F2661C1009D3C96 /* LocationManager.swift */; };
		A6646FEE1ED360FC00B6FF30 /* enum.swift in Sources */ = {isa = PBXBuildFile; fileRef = A6646FED1ED360FC00B6FF30 /* enum.swift */; };
		A6664F0B1F2FED47007316AA /* HistoryViewController.swift in Sources */ = {isa = PBXBuildFile; fileRef = A6664F0A1F2FED47007316AA /* HistoryViewController.swift */; };
		A667DF951F573233000FDC33 /* SignupController.swift in Sources */ = {isa = PBXBuildFile; fileRef = A667DF941F573233000FDC33 /* SignupController.swift */; };
		A667DF971F573580000FDC33 /* AdSupport.framework in Frameworks */ = {isa = PBXBuildFile; fileRef = A667DF961F573580000FDC33 /* AdSupport.framework */; };
		A667DF991F57362A000FDC33 /* iAd.framework in Frameworks */ = {isa = PBXBuildFile; fileRef = A667DF981F57362A000FDC33 /* iAd.framework */; };
		A667DF9B1F57446A000FDC33 /* EmailVerification.swift in Sources */ = {isa = PBXBuildFile; fileRef = A667DF9A1F57446A000FDC33 /* EmailVerification.swift */; };
		A68447EA1F02C8A400B90B79 /* UIViewXRadialGradient.swift in Sources */ = {isa = PBXBuildFile; fileRef = A68447D01F02C8A400B90B79 /* UIViewXRadialGradient.swift */; };
		A68447EB1F02C8A400B90B79 /* UITextFieldX.swift in Sources */ = {isa = PBXBuildFile; fileRef = A68447D11F02C8A400B90B79 /* UITextFieldX.swift */; };
		A68447EC1F02C8A400B90B79 /* UIButtonX.swift in Sources */ = {isa = PBXBuildFile; fileRef = A68447D21F02C8A400B90B79 /* UIButtonX.swift */; };
		A68447ED1F02C8A400B90B79 /* UILabelX.swift in Sources */ = {isa = PBXBuildFile; fileRef = A68447D31F02C8A400B90B79 /* UILabelX.swift */; };
		A68447EE1F02C8A400B90B79 /* UIViewAnchorPoint.swift in Sources */ = {isa = PBXBuildFile; fileRef = A68447D41F02C8A400B90B79 /* UIViewAnchorPoint.swift */; };
		A68447EF1F02C8A400B90B79 /* UIViewControllerX.swift in Sources */ = {isa = PBXBuildFile; fileRef = A68447D51F02C8A400B90B79 /* UIViewControllerX.swift */; };
		A68447F01F02C8A400B90B79 /* UIImageViewX.swift in Sources */ = {isa = PBXBuildFile; fileRef = A68447D61F02C8A400B90B79 /* UIImageViewX.swift */; };
		A68447F11F02C8A400B90B79 /* UIViewX.swift in Sources */ = {isa = PBXBuildFile; fileRef = A68447D71F02C8A400B90B79 /* UIViewX.swift */; };
		A68447F21F02C8A400B90B79 /* UIVisualEffectViewX.swift in Sources */ = {isa = PBXBuildFile; fileRef = A68447D81F02C8A400B90B79 /* UIVisualEffectViewX.swift */; };
		A68447F31F02C8A400B90B79 /* UISliderX.swift in Sources */ = {isa = PBXBuildFile; fileRef = A68447D91F02C8A400B90B79 /* UISliderX.swift */; };
		A68447F51F02C8A400B90B79 /* FloatingActionButton.swift in Sources */ = {isa = PBXBuildFile; fileRef = A68447DC1F02C8A400B90B79 /* FloatingActionButton.swift */; };
		A68447FD1F02C8A400B90B79 /* MenuViewController.swift in Sources */ = {isa = PBXBuildFile; fileRef = A68447E81F02C8A400B90B79 /* MenuViewController.swift */; };
		A684A5E41F0AC1E6007C6FCC /* ConfirmActionButton.swift in Sources */ = {isa = PBXBuildFile; fileRef = A684A5E31F0AC1E6007C6FCC /* ConfirmActionButton.swift */; };
		A68573F21EF084FD005C96CC /* LoginPage.swift in Sources */ = {isa = PBXBuildFile; fileRef = A68573F11EF084FD005C96CC /* LoginPage.swift */; };
		A690D5701F47722100C75280 /* APIKey.swift in Sources */ = {isa = PBXBuildFile; fileRef = A690D56F1F47722100C75280 /* APIKey.swift */; };
		A690D5721F4774F200C75280 /* RouteStore.swift in Sources */ = {isa = PBXBuildFile; fileRef = A690D5711F4774F200C75280 /* RouteStore.swift */; };
		A69FDB021F0D6CF1003D7D15 /* ScrollableGraphView.swift in Sources */ = {isa = PBXBuildFile; fileRef = A69FDB011F0D6CF1003D7D15 /* ScrollableGraphView.swift */; };
		A69FDB041F0D6DC8003D7D15 /* UIColor+colorFromHex.swift in Sources */ = {isa = PBXBuildFile; fileRef = A69FDB031F0D6DC8003D7D15 /* UIColor+colorFromHex.swift */; };
		A6BD1C6A1EF842A100E5D8EE /* CGRectEx.swift in Sources */ = {isa = PBXBuildFile; fileRef = A6BD1C651EF842A100E5D8EE /* CGRectEx.swift */; };
		A6BD1C6B1EF842A100E5D8EE /* FadeTransition.swift in Sources */ = {isa = PBXBuildFile; fileRef = A6BD1C661EF842A100E5D8EE /* FadeTransition.swift */; };
		A6BD1C6C1EF842A100E5D8EE /* NSTimerEx.swift in Sources */ = {isa = PBXBuildFile; fileRef = A6BD1C671EF842A100E5D8EE /* NSTimerEx.swift */; };
		A6BD1C6D1EF842A100E5D8EE /* SpinerLayer.swift in Sources */ = {isa = PBXBuildFile; fileRef = A6BD1C681EF842A100E5D8EE /* SpinerLayer.swift */; };
		A6BD1C6E1EF842A100E5D8EE /* TransitionSubmitButton.swift in Sources */ = {isa = PBXBuildFile; fileRef = A6BD1C691EF842A100E5D8EE /* TransitionSubmitButton.swift */; };
		A6C7BFAF1F1933C10000E66A /* CircleMenu.swift in Sources */ = {isa = PBXBuildFile; fileRef = A6C7BFA91F1933C10000E66A /* CircleMenu.swift */; };
		A6C7BFB01F1933C10000E66A /* CircleMenuLoader.swift in Sources */ = {isa = PBXBuildFile; fileRef = A6C7BFAA1F1933C10000E66A /* CircleMenuLoader.swift */; };
		A6C7BFB11F1933C10000E66A /* CircleMenuButton.swift in Sources */ = {isa = PBXBuildFile; fileRef = A6C7BFAC1F1933C10000E66A /* CircleMenuButton.swift */; };
		A6F1C4181F1FD29F000B03AE /* style.json in Resources */ = {isa = PBXBuildFile; fileRef = A6F1C4171F1FD29F000B03AE /* style.json */; };
		A6F1C41A1F201063000B03AE /* EbikeDetailsViewController.swift in Sources */ = {isa = PBXBuildFile; fileRef = A6F1C4191F201063000B03AE /* EbikeDetailsViewController.swift */; };
		A6FC1B3C1F58A7DE00B08DC3 /* AuthService.swift in Sources */ = {isa = PBXBuildFile; fileRef = A6FC1B3B1F58A7DE00B08DC3 /* AuthService.swift */; };
		A6FC1B3E1F59D7BD00B08DC3 /* SettingMenuSlide.swift in Sources */ = {isa = PBXBuildFile; fileRef = A6FC1B3D1F59D7BD00B08DC3 /* SettingMenuSlide.swift */; };
		A6FC1B421F59FB2A00B08DC3 /* ProfilePicture.swift in Sources */ = {isa = PBXBuildFile; fileRef = A6FC1B411F59FB2A00B08DC3 /* ProfilePicture.swift */; };
		A6FC1B441F5B16EF00B08DC3 /* SettingViewController.swift in Sources */ = {isa = PBXBuildFile; fileRef = A6FC1B431F5B16EF00B08DC3 /* SettingViewController.swift */; };
		A6FC1B491F5B299900B08DC3 /* TermsAndPrivacyViewController.swift in Sources */ = {isa = PBXBuildFile; fileRef = A6FC1B481F5B299900B08DC3 /* TermsAndPrivacyViewController.swift */; };
		A6FC1B4E1F5BB84400B08DC3 /* GoalsViewController.swift in Sources */ = {isa = PBXBuildFile; fileRef = A6FC1B4D1F5BB84400B08DC3 /* GoalsViewController.swift */; };
/* End PBXBuildFile section */

/* Begin PBXFileReference section */
		22A681EB5AF2C4ED7C8D8D86 /* Pods-E-Bike App.release.xcconfig */ = {isa = PBXFileReference; includeInIndex = 1; lastKnownFileType = text.xcconfig; name = "Pods-E-Bike App.release.xcconfig"; path = "Pods/Target Support Files/Pods-E-Bike App/Pods-E-Bike App.release.xcconfig"; sourceTree = "<group>"; };
		538CC959FD3D7DE95978EC3E /* Pods_E_Bike_App.framework */ = {isa = PBXFileReference; explicitFileType = wrapper.framework; includeInIndex = 0; path = Pods_E_Bike_App.framework; sourceTree = BUILT_PRODUCTS_DIR; };
		A60DBB0F1F0D6B6E00AAD99D /* GraphViewController.swift */ = {isa = PBXFileReference; fileEncoding = 4; lastKnownFileType = sourcecode.swift; name = GraphViewController.swift; path = "../../../../Documents/E-Bike/E-bikeApp/GraphViewController.swift"; sourceTree = "<group>"; };
		A60EBC641F5F125D004AF307 /* MyStatsViewController.swift */ = {isa = PBXFileReference; fileEncoding = 4; lastKnownFileType = sourcecode.swift; path = MyStatsViewController.swift; sourceTree = "<group>"; };
		A60EBC661F5F307D004AF307 /* LocalAuthentication.framework */ = {isa = PBXFileReference; lastKnownFileType = wrapper.framework; name = LocalAuthentication.framework; path = System/Library/Frameworks/LocalAuthentication.framework; sourceTree = SDKROOT; };
		A60EBC6A1F5F4E72004AF307 /* SignInWithTouchIDViewController.swift */ = {isa = PBXFileReference; fileEncoding = 4; lastKnownFileType = sourcecode.swift; path = SignInWithTouchIDViewController.swift; sourceTree = "<group>"; };
		A6144F951EDDEEF400204D02 /* SplashScreen.h */ = {isa = PBXFileReference; lastKnownFileType = sourcecode.c.h; path = SplashScreen.h; sourceTree = "<group>"; };
		A6144F961EDDEF3C00204D02 /* Commons.h */ = {isa = PBXFileReference; lastKnownFileType = sourcecode.c.h; path = Commons.h; sourceTree = "<group>"; };
		A6144F971EDDEF6200204D02 /* Utils.swift */ = {isa = PBXFileReference; fileEncoding = 4; lastKnownFileType = sourcecode.swift; path = Utils.swift; sourceTree = "<group>"; };
		A6144F991EDDF1FC00204D02 /* SplashViewController.swift */ = {isa = PBXFileReference; fileEncoding = 4; lastKnownFileType = sourcecode.swift; path = SplashViewController.swift; sourceTree = "<group>"; };
		A6144F9B1EDDF23C00204D02 /* Constant.swift */ = {isa = PBXFileReference; fileEncoding = 4; lastKnownFileType = sourcecode.swift; path = Constant.swift; sourceTree = "<group>"; };
		A6144F9F1EDDF7DB00204D02 /* AnimatedUILogoView.swift */ = {isa = PBXFileReference; fileEncoding = 4; lastKnownFileType = sourcecode.swift; path = AnimatedUILogoView.swift; sourceTree = "<group>"; };
		A6144FA11EDDFC1800204D02 /* RootContainerViewController.swift */ = {isa = PBXFileReference; fileEncoding = 4; lastKnownFileType = sourcecode.swift; path = RootContainerViewController.swift; sourceTree = "<group>"; };
		A6144FA51EDE242B00204D02 /* TileGridView.swift */ = {isa = PBXFileReference; fileEncoding = 4; lastKnownFileType = sourcecode.swift; name = TileGridView.swift; path = "E-Bike App/TileGridView.swift"; sourceTree = "<group>"; };
		A6144FA71EDE243200204D02 /* TileView.swift */ = {isa = PBXFileReference; fileEncoding = 4; lastKnownFileType = sourcecode.swift; name = TileView.swift; path = "E-Bike App/TileView.swift"; sourceTree = "<group>"; };
		A616805F1F1D60F000CE39D3 /* AnimateButtonController.swift */ = {isa = PBXFileReference; fileEncoding = 4; lastKnownFileType = sourcecode.swift; name = AnimateButtonController.swift; path = "E-Bike App/AnimateButtonController.swift"; sourceTree = SOURCE_ROOT; };
		A61680611F1EA81400CE39D3 /* E-Bike App.entitlements */ = {isa = PBXFileReference; lastKnownFileType = text.plist.entitlements; path = "E-Bike App.entitlements"; sourceTree = "<group>"; };
		A61680641F1EA82D00CE39D3 /* MapKit.framework */ = {isa = PBXFileReference; lastKnownFileType = wrapper.framework; name = MapKit.framework; path = System/Library/Frameworks/MapKit.framework; sourceTree = SDKROOT; };
		A6201F971F439DFF001AD3F1 /* NearPlaces.swift */ = {isa = PBXFileReference; fileEncoding = 4; lastKnownFileType = sourcecode.swift; name = NearPlaces.swift; path = "E-Bike App/NearPlaces.swift"; sourceTree = SOURCE_ROOT; };
		A62487321F54D37F002D0D7E /* GoogleService-Info.plist */ = {isa = PBXFileReference; fileEncoding = 4; lastKnownFileType = text.plist.xml; name = "GoogleService-Info.plist"; path = "../../../../../Desktop/GoogleService-Info.plist"; sourceTree = "<group>"; };
		A625DDD91EC623B600DB521E /* E-Bike App.app */ = {isa = PBXFileReference; explicitFileType = wrapper.application; includeInIndex = 0; path = "E-Bike App.app"; sourceTree = BUILT_PRODUCTS_DIR; };
		A625DDDC1EC623B600DB521E /* AppDelegate.swift */ = {isa = PBXFileReference; lastKnownFileType = sourcecode.swift; path = AppDelegate.swift; sourceTree = "<group>"; };
		A625DDDE1EC623B600DB521E /* MapViewController.swift */ = {isa = PBXFileReference; lastKnownFileType = sourcecode.swift; name = MapViewController.swift; path = "../../../../Documents/E-Bike/E-bikeApp/E-Bike App/E-Bike App/MapViewController.swift"; sourceTree = "<group>"; };
		A625DDE11EC623B600DB521E /* Base */ = {isa = PBXFileReference; lastKnownFileType = file.storyboard; name = Base; path = Base.lproj/Main.storyboard; sourceTree = "<group>"; };
		A625DDE41EC623B600DB521E /* E_Bike_App.xcdatamodel */ = {isa = PBXFileReference; lastKnownFileType = wrapper.xcdatamodel; path = E_Bike_App.xcdatamodel; sourceTree = "<group>"; };
		A625DDE61EC623B600DB521E /* Assets.xcassets */ = {isa = PBXFileReference; lastKnownFileType = folder.assetcatalog; path = Assets.xcassets; sourceTree = "<group>"; };
		A625DDE91EC623B600DB521E /* Base */ = {isa = PBXFileReference; lastKnownFileType = file.storyboard; name = Base; path = Base.lproj/LaunchScreen.storyboard; sourceTree = "<group>"; };
		A625DDEB1EC623B600DB521E /* Info.plist */ = {isa = PBXFileReference; lastKnownFileType = text.plist.xml; path = Info.plist; sourceTree = "<group>"; };
		A629C89E1F269499002924DE /* CoreDataStack.swift */ = {isa = PBXFileReference; fileEncoding = 4; lastKnownFileType = sourcecode.swift; path = CoreDataStack.swift; sourceTree = "<group>"; };
		A629C8A11F269521002924DE /* FormatDisplay.swift */ = {isa = PBXFileReference; fileEncoding = 4; lastKnownFileType = sourcecode.swift; path = FormatDisplay.swift; sourceTree = "<group>"; };
		A630165D1F3A6972006C0B7F /* NetworkProcessor.swift */ = {isa = PBXFileReference; fileEncoding = 4; lastKnownFileType = sourcecode.swift; name = NetworkProcessor.swift; path = "E-Bike App/NetworkProcessor.swift"; sourceTree = SOURCE_ROOT; };
		A630165F1F3A741E006C0B7F /* ForecastService.swift */ = {isa = PBXFileReference; fileEncoding = 4; lastKnownFileType = sourcecode.swift; name = ForecastService.swift; path = "E-Bike App/ForecastService.swift"; sourceTree = SOURCE_ROOT; };
		A63016611F3A7831006C0B7F /* CurrentWeather.swift */ = {isa = PBXFileReference; fileEncoding = 4; lastKnownFileType = sourcecode.swift; name = CurrentWeather.swift; path = "E-Bike App/CurrentWeather.swift"; sourceTree = SOURCE_ROOT; };
		A6301CF71EEF1D170005EA12 /* SettingCell.swift */ = {isa = PBXFileReference; fileEncoding = 4; lastKnownFileType = sourcecode.swift; path = SettingCell.swift; sourceTree = "<group>"; };
		A6301CF91EEF4A2E0005EA12 /* LoginViewController.swift */ = {isa = PBXFileReference; fileEncoding = 4; lastKnownFileType = sourcecode.swift; name = LoginViewController.swift; path = "../../../../Documents/E-Bike/E-bikeApp/E-Bike App/E-Bike App/LoginViewController.swift"; sourceTree = "<group>"; };
		A6301CFB1EEF57170005EA12 /* PageCell.swift */ = {isa = PBXFileReference; fileEncoding = 4; lastKnownFileType = sourcecode.swift; path = PageCell.swift; sourceTree = "<group>"; };
		A6301CFD1EF05A190005EA12 /* Page.swift */ = {isa = PBXFileReference; fileEncoding = 4; lastKnownFileType = sourcecode.swift; path = Page.swift; sourceTree = "<group>"; };
		A6301CFF1EF068680005EA12 /* Extensions.swift */ = {isa = PBXFileReference; fileEncoding = 4; lastKnownFileType = sourcecode.swift; path = Extensions.swift; sourceTree = "<group>"; };
		A6303E041EE9F34800A57596 /* SettingsLauncher.swift */ = {isa = PBXFileReference; fileEncoding = 4; lastKnownFileType = sourcecode.swift; path = SettingsLauncher.swift; sourceTree = "<group>"; };
		A6303E081EEB5BD100A57596 /* ResizeImage.swift */ = {isa = PBXFileReference; fileEncoding = 4; lastKnownFileType = sourcecode.swift; path = ResizeImage.swift; sourceTree = "<group>"; };
		A63417E61F561EE600F1CF99 /* DataServiceFirebase.swift */ = {isa = PBXFileReference; fileEncoding = 4; lastKnownFileType = sourcecode.swift; name = DataServiceFirebase.swift; path = "E-Bike App/DataServiceFirebase.swift"; sourceTree = SOURCE_ROOT; };
		A63CC22F1EFA121D00F2B7DC /* SignupViewController.swift */ = {isa = PBXFileReference; fileEncoding = 4; lastKnownFileType = sourcecode.swift; name = SignupViewController.swift; path = "../../../../Documents/E-Bike/E-bikeApp/E-Bike App/E-Bike App/SignupViewController.swift"; sourceTree = "<group>"; };
		A6431BDE1F0314A300466972 /* EbikeSettingViewController.swift */ = {isa = PBXFileReference; fileEncoding = 4; lastKnownFileType = sourcecode.swift; path = EbikeSettingViewController.swift; sourceTree = "<group>"; };
		A64966461F3583240039D768 /* HistoryDetailViewController.swift */ = {isa = PBXFileReference; fileEncoding = 4; lastKnownFileType = sourcecode.swift; name = HistoryDetailViewController.swift; path = "E-Bike App/HistoryDetailViewController.swift"; sourceTree = SOURCE_ROOT; };
		A64D79BB1ED4DBC800318A91 /* SearchResultsController.swift */ = {isa = PBXFileReference; fileEncoding = 4; lastKnownFileType = sourcecode.swift; path = SearchResultsController.swift; sourceTree = "<group>"; };
		A64E95A31F4F8CEF00E6C1C1 /* Device.swift */ = {isa = PBXFileReference; fileEncoding = 4; lastKnownFileType = sourcecode.swift; name = Device.swift; path = "E-Bike App/Device.swift"; sourceTree = SOURCE_ROOT; };
		A64E95A51F50B6AA00E6C1C1 /* HeartRateMeasurement.swift */ = {isa = PBXFileReference; fileEncoding = 4; lastKnownFileType = sourcecode.swift; path = HeartRateMeasurement.swift; sourceTree = "<group>"; };
		A64E95A71F548AE700E6C1C1 /* LoginAndOutViewController.swift */ = {isa = PBXFileReference; fileEncoding = 4; lastKnownFileType = sourcecode.swift; name = LoginAndOutViewController.swift; path = "E-Bike App/LoginAndOutViewController.swift"; sourceTree = SOURCE_ROOT; };
		A65548571F02CAB400968564 /* MenuNavigationViewController.swift */ = {isa = PBXFileReference; fileEncoding = 4; lastKnownFileType = sourcecode.swift; path = MenuNavigationViewController.swift; sourceTree = "<group>"; };
		A661BF131F1002410029A905 /* RideStatusViewController.swift */ = {isa = PBXFileReference; fileEncoding = 4; lastKnownFileType = sourcecode.swift; name = RideStatusViewController.swift; path = "E-Bike App/RideStatusViewController.swift"; sourceTree = SOURCE_ROOT; };
		A663974C1F265B9F009D3C96 /* StoryboardSupport.swift */ = {isa = PBXFileReference; fileEncoding = 4; lastKnownFileType = sourcecode.swift; path = StoryboardSupport.swift; sourceTree = "<group>"; };
		A663974E1F2661C1009D3C96 /* LocationManager.swift */ = {isa = PBXFileReference; fileEncoding = 4; lastKnownFileType = sourcecode.swift; path = LocationManager.swift; sourceTree = "<group>"; };
		A6646FED1ED360FC00B6FF30 /* enum.swift */ = {isa = PBXFileReference; fileEncoding = 4; lastKnownFileType = sourcecode.swift; path = enum.swift; sourceTree = "<group>"; };
		A6664F0A1F2FED47007316AA /* HistoryViewController.swift */ = {isa = PBXFileReference; fileEncoding = 4; lastKnownFileType = sourcecode.swift; name = HistoryViewController.swift; path = "E-Bike App/HistoryViewController.swift"; sourceTree = SOURCE_ROOT; };
		A667DF941F573233000FDC33 /* SignupController.swift */ = {isa = PBXFileReference; fileEncoding = 4; lastKnownFileType = sourcecode.swift; name = SignupController.swift; path = "E-Bike App/SignupController.swift"; sourceTree = SOURCE_ROOT; };
		A667DF961F573580000FDC33 /* AdSupport.framework */ = {isa = PBXFileReference; lastKnownFileType = wrapper.framework; name = AdSupport.framework; path = System/Library/Frameworks/AdSupport.framework; sourceTree = SDKROOT; };
		A667DF981F57362A000FDC33 /* iAd.framework */ = {isa = PBXFileReference; lastKnownFileType = wrapper.framework; name = iAd.framework; path = System/Library/Frameworks/iAd.framework; sourceTree = SDKROOT; };
		A667DF9A1F57446A000FDC33 /* EmailVerification.swift */ = {isa = PBXFileReference; fileEncoding = 4; lastKnownFileType = sourcecode.swift; path = EmailVerification.swift; sourceTree = "<group>"; };
		A68447D01F02C8A400B90B79 /* UIViewXRadialGradient.swift */ = {isa = PBXFileReference; fileEncoding = 4; lastKnownFileType = sourcecode.swift; path = UIViewXRadialGradient.swift; sourceTree = "<group>"; };
		A68447D11F02C8A400B90B79 /* UITextFieldX.swift */ = {isa = PBXFileReference; fileEncoding = 4; lastKnownFileType = sourcecode.swift; path = UITextFieldX.swift; sourceTree = "<group>"; };
		A68447D21F02C8A400B90B79 /* UIButtonX.swift */ = {isa = PBXFileReference; fileEncoding = 4; lastKnownFileType = sourcecode.swift; path = UIButtonX.swift; sourceTree = "<group>"; };
		A68447D31F02C8A400B90B79 /* UILabelX.swift */ = {isa = PBXFileReference; fileEncoding = 4; lastKnownFileType = sourcecode.swift; path = UILabelX.swift; sourceTree = "<group>"; };
		A68447D41F02C8A400B90B79 /* UIViewAnchorPoint.swift */ = {isa = PBXFileReference; fileEncoding = 4; lastKnownFileType = sourcecode.swift; path = UIViewAnchorPoint.swift; sourceTree = "<group>"; };
		A68447D51F02C8A400B90B79 /* UIViewControllerX.swift */ = {isa = PBXFileReference; fileEncoding = 4; lastKnownFileType = sourcecode.swift; path = UIViewControllerX.swift; sourceTree = "<group>"; };
		A68447D61F02C8A400B90B79 /* UIImageViewX.swift */ = {isa = PBXFileReference; fileEncoding = 4; lastKnownFileType = sourcecode.swift; path = UIImageViewX.swift; sourceTree = "<group>"; };
		A68447D71F02C8A400B90B79 /* UIViewX.swift */ = {isa = PBXFileReference; fileEncoding = 4; lastKnownFileType = sourcecode.swift; path = UIViewX.swift; sourceTree = "<group>"; };
		A68447D81F02C8A400B90B79 /* UIVisualEffectViewX.swift */ = {isa = PBXFileReference; fileEncoding = 4; lastKnownFileType = sourcecode.swift; path = UIVisualEffectViewX.swift; sourceTree = "<group>"; };
		A68447D91F02C8A400B90B79 /* UISliderX.swift */ = {isa = PBXFileReference; fileEncoding = 4; lastKnownFileType = sourcecode.swift; path = UISliderX.swift; sourceTree = "<group>"; };
		A68447DC1F02C8A400B90B79 /* FloatingActionButton.swift */ = {isa = PBXFileReference; fileEncoding = 4; lastKnownFileType = sourcecode.swift; path = FloatingActionButton.swift; sourceTree = "<group>"; };
		A68447E81F02C8A400B90B79 /* MenuViewController.swift */ = {isa = PBXFileReference; fileEncoding = 4; lastKnownFileType = sourcecode.swift; path = MenuViewController.swift; sourceTree = "<group>"; };
		A684A5E31F0AC1E6007C6FCC /* ConfirmActionButton.swift */ = {isa = PBXFileReference; fileEncoding = 4; lastKnownFileType = sourcecode.swift; path = ConfirmActionButton.swift; sourceTree = "<group>"; };
		A68573F11EF084FD005C96CC /* LoginPage.swift */ = {isa = PBXFileReference; fileEncoding = 4; lastKnownFileType = sourcecode.swift; path = LoginPage.swift; sourceTree = "<group>"; };
		A690D56F1F47722100C75280 /* APIKey.swift */ = {isa = PBXFileReference; fileEncoding = 4; lastKnownFileType = sourcecode.swift; name = APIKey.swift; path = "E-Bike App/APIKey.swift"; sourceTree = SOURCE_ROOT; };
		A690D5711F4774F200C75280 /* RouteStore.swift */ = {isa = PBXFileReference; fileEncoding = 4; lastKnownFileType = sourcecode.swift; path = RouteStore.swift; sourceTree = "<group>"; };
		A69FDB011F0D6CF1003D7D15 /* ScrollableGraphView.swift */ = {isa = PBXFileReference; fileEncoding = 4; lastKnownFileType = sourcecode.swift; path = ScrollableGraphView.swift; sourceTree = "<group>"; };
		A69FDB031F0D6DC8003D7D15 /* UIColor+colorFromHex.swift */ = {isa = PBXFileReference; fileEncoding = 4; lastKnownFileType = sourcecode.swift; path = "UIColor+colorFromHex.swift"; sourceTree = "<group>"; };
		A6BD1C651EF842A100E5D8EE /* CGRectEx.swift */ = {isa = PBXFileReference; fileEncoding = 4; lastKnownFileType = sourcecode.swift; path = CGRectEx.swift; sourceTree = "<group>"; };
		A6BD1C661EF842A100E5D8EE /* FadeTransition.swift */ = {isa = PBXFileReference; fileEncoding = 4; lastKnownFileType = sourcecode.swift; path = FadeTransition.swift; sourceTree = "<group>"; };
		A6BD1C671EF842A100E5D8EE /* NSTimerEx.swift */ = {isa = PBXFileReference; fileEncoding = 4; lastKnownFileType = sourcecode.swift; path = NSTimerEx.swift; sourceTree = "<group>"; };
		A6BD1C681EF842A100E5D8EE /* SpinerLayer.swift */ = {isa = PBXFileReference; fileEncoding = 4; lastKnownFileType = sourcecode.swift; path = SpinerLayer.swift; sourceTree = "<group>"; };
		A6BD1C691EF842A100E5D8EE /* TransitionSubmitButton.swift */ = {isa = PBXFileReference; fileEncoding = 4; lastKnownFileType = sourcecode.swift; path = TransitionSubmitButton.swift; sourceTree = "<group>"; };
		A6C7BFA91F1933C10000E66A /* CircleMenu.swift */ = {isa = PBXFileReference; fileEncoding = 4; lastKnownFileType = sourcecode.swift; path = CircleMenu.swift; sourceTree = "<group>"; };
		A6C7BFAA1F1933C10000E66A /* CircleMenuLoader.swift */ = {isa = PBXFileReference; fileEncoding = 4; lastKnownFileType = sourcecode.swift; path = CircleMenuLoader.swift; sourceTree = "<group>"; };
		A6C7BFAC1F1933C10000E66A /* CircleMenuButton.swift */ = {isa = PBXFileReference; fileEncoding = 4; lastKnownFileType = sourcecode.swift; path = CircleMenuButton.swift; sourceTree = "<group>"; };
		A6F1C4171F1FD29F000B03AE /* style.json */ = {isa = PBXFileReference; fileEncoding = 4; lastKnownFileType = text.json; name = style.json; path = "E-Bike App/style.json"; sourceTree = SOURCE_ROOT; };
		A6F1C4191F201063000B03AE /* EbikeDetailsViewController.swift */ = {isa = PBXFileReference; fileEncoding = 4; lastKnownFileType = sourcecode.swift; name = EbikeDetailsViewController.swift; path = "E-Bike App/EbikeDetailsViewController.swift"; sourceTree = SOURCE_ROOT; };
		A6FC1B3B1F58A7DE00B08DC3 /* AuthService.swift */ = {isa = PBXFileReference; fileEncoding = 4; lastKnownFileType = sourcecode.swift; name = AuthService.swift; path = "../../../../Documents/E-Bike/E-bikeApp/E-Bike App/E-Bike App/AuthService.swift"; sourceTree = "<group>"; };
		A6FC1B3D1F59D7BD00B08DC3 /* SettingMenuSlide.swift */ = {isa = PBXFileReference; fileEncoding = 4; lastKnownFileType = sourcecode.swift; name = SettingMenuSlide.swift; path = "E-Bike App/SettingMenuSlide.swift"; sourceTree = SOURCE_ROOT; };
		A6FC1B411F59FB2A00B08DC3 /* ProfilePicture.swift */ = {isa = PBXFileReference; fileEncoding = 4; lastKnownFileType = sourcecode.swift; name = ProfilePicture.swift; path = "E-Bike App/ProfilePicture.swift"; sourceTree = SOURCE_ROOT; };
		A6FC1B431F5B16EF00B08DC3 /* SettingViewController.swift */ = {isa = PBXFileReference; fileEncoding = 4; lastKnownFileType = sourcecode.swift; name = SettingViewController.swift; path = "E-Bike App/SettingViewController.swift"; sourceTree = SOURCE_ROOT; };
		A6FC1B481F5B299900B08DC3 /* TermsAndPrivacyViewController.swift */ = {isa = PBXFileReference; fileEncoding = 4; lastKnownFileType = sourcecode.swift; path = TermsAndPrivacyViewController.swift; sourceTree = "<group>"; };
		A6FC1B4D1F5BB84400B08DC3 /* GoalsViewController.swift */ = {isa = PBXFileReference; fileEncoding = 4; lastKnownFileType = sourcecode.swift; path = GoalsViewController.swift; sourceTree = "<group>"; };
		ACF4783236EC3749D3BED074 /* Pods-E-Bike App.debug.xcconfig */ = {isa = PBXFileReference; includeInIndex = 1; lastKnownFileType = text.xcconfig; name = "Pods-E-Bike App.debug.xcconfig"; path = "Pods/Target Support Files/Pods-E-Bike App/Pods-E-Bike App.debug.xcconfig"; sourceTree = "<group>"; };
/* End PBXFileReference section */

/* Begin PBXFrameworksBuildPhase section */
		A625DDD61EC623B600DB521E /* Frameworks */ = {
			isa = PBXFrameworksBuildPhase;
			buildActionMask = 2147483647;
			files = (
				A60EBC671F5F307D004AF307 /* LocalAuthentication.framework in Frameworks */,
				A667DF991F57362A000FDC33 /* iAd.framework in Frameworks */,
				A667DF971F573580000FDC33 /* AdSupport.framework in Frameworks */,
				7811FA365087491747E10638 /* Pods_E_Bike_App.framework in Frameworks */,
			);
			runOnlyForDeploymentPostprocessing = 0;
		};
/* End PBXFrameworksBuildPhase section */

/* Begin PBXGroup section */
		3A606F7498171EC61C203D3A /* Pods */ = {
			isa = PBXGroup;
			children = (
				ACF4783236EC3749D3BED074 /* Pods-E-Bike App.debug.xcconfig */,
				22A681EB5AF2C4ED7C8D8D86 /* Pods-E-Bike App.release.xcconfig */,
			);
			name = Pods;
			sourceTree = "<group>";
		};
		54596950254F28FE3BCDFFDB /* Frameworks */ = {
			isa = PBXGroup;
			children = (
				A60EBC661F5F307D004AF307 /* LocalAuthentication.framework */,
				A667DF981F57362A000FDC33 /* iAd.framework */,
				A667DF961F573580000FDC33 /* AdSupport.framework */,
				A61680641F1EA82D00CE39D3 /* MapKit.framework */,
				538CC959FD3D7DE95978EC3E /* Pods_E_Bike_App.framework */,
			);
			name = Frameworks;
			sourceTree = "<group>";
		};
		A6144F931EDDEE6800204D02 /* Commons */ = {
			isa = PBXGroup;
			children = (
				A6144F971EDDEF6200204D02 /* Utils.swift */,
				A6144F961EDDEF3C00204D02 /* Commons.h */,
			);
			name = Commons;
			sourceTree = "<group>";
		};
		A6144F941EDDEEAD00204D02 /* SplashScreen */ = {
			isa = PBXGroup;
			children = (
				A6144F951EDDEEF400204D02 /* SplashScreen.h */,
				A6144F9F1EDDF7DB00204D02 /* AnimatedUILogoView.swift */,
				A6144F991EDDF1FC00204D02 /* SplashViewController.swift */,
				A6144F9B1EDDF23C00204D02 /* Constant.swift */,
				A6144FA51EDE242B00204D02 /* TileGridView.swift */,
				A6144FA71EDE243200204D02 /* TileView.swift */,
			);
			name = SplashScreen;
			path = ..;
			sourceTree = "<group>";
		};
		A625DDD01EC623B600DB521E = {
			isa = PBXGroup;
			children = (
				A625DDDB1EC623B600DB521E /* E-Bike App */,
				A68447DD1F02C8A400B90B79 /* Resources */,
				A6144F931EDDEE6800204D02 /* Commons */,
				A625DDDA1EC623B600DB521E /* Products */,
				3A606F7498171EC61C203D3A /* Pods */,
				54596950254F28FE3BCDFFDB /* Frameworks */,
			);
			sourceTree = "<group>";
		};
		A625DDDA1EC623B600DB521E /* Products */ = {
			isa = PBXGroup;
			children = (
				A625DDD91EC623B600DB521E /* E-Bike App.app */,
			);
			name = Products;
			sourceTree = "<group>";
		};
		A625DDDB1EC623B600DB521E /* E-Bike App */ = {
			isa = PBXGroup;
			children = (
				A625DDE61EC623B600DB521E /* Assets.xcassets */,
				A625DDE01EC623B600DB521E /* Main.storyboard */,
				A625DDE81EC623B600DB521E /* LaunchScreen.storyboard */,
				A625DDE31EC623B600DB521E /* E_Bike_App.xcdatamodeld */,
				A625DDEB1EC623B600DB521E /* Info.plist */,
				A62487321F54D37F002D0D7E /* GoogleService-Info.plist */,
				A61680611F1EA81400CE39D3 /* E-Bike App.entitlements */,
				A625DDDC1EC623B600DB521E /* AppDelegate.swift */,
				A6144FA11EDDFC1800204D02 /* RootContainerViewController.swift */,
				A65548571F02CAB400968564 /* MenuNavigationViewController.swift */,
				A68447E11F02C8A400B90B79 /* Model */,
				A68447E61F02C8A400B90B79 /* View */,
				A68447E91F02C8A400B90B79 /* Controller */,
				A629C89F1F269499002924DE /* Core Data */,
				A68573F51EF0A2A6005C96CC /* Map */,
				A6144F941EDDEEAD00204D02 /* SplashScreen */,
				A68573F41EF0A271005C96CC /* Extensions&HelpFunc */,
				A68573F31EF0A22F005C96CC /* LogInPages */,
				A68573F61EF0A2CB005C96CC /* Settings */,
				A6BD1C641EF8424A00E5D8EE /* SubmitTransition */,
			);
			path = "E-Bike App";
			sourceTree = "<group>";
		};
		A629C89F1F269499002924DE /* Core Data */ = {
			isa = PBXGroup;
			children = (
				A629C89E1F269499002924DE /* CoreDataStack.swift */,
			);
			name = "Core Data";
			path = ../../../../ebikeTracking/ebikeTracking;
			sourceTree = "<group>";
		};
		A68447DB1F02C8A400B90B79 /* DesignableX */ = {
			isa = PBXGroup;
			children = (
				A68447D01F02C8A400B90B79 /* UIViewXRadialGradient.swift */,
				A68447D11F02C8A400B90B79 /* UITextFieldX.swift */,
				A68447D21F02C8A400B90B79 /* UIButtonX.swift */,
				A68447D31F02C8A400B90B79 /* UILabelX.swift */,
				A68447D41F02C8A400B90B79 /* UIViewAnchorPoint.swift */,
				A68447D51F02C8A400B90B79 /* UIViewControllerX.swift */,
				A68447D61F02C8A400B90B79 /* UIImageViewX.swift */,
				A68447D71F02C8A400B90B79 /* UIViewX.swift */,
				A68447D81F02C8A400B90B79 /* UIVisualEffectViewX.swift */,
				A68447D91F02C8A400B90B79 /* UISliderX.swift */,
			);
			path = DesignableX;
			sourceTree = "<group>";
		};
		A68447DD1F02C8A400B90B79 /* Resources */ = {
			isa = PBXGroup;
			children = (
				A6C7BFAE1F1933C10000E66A /* CircleMenuLib */,
				A68447DB1F02C8A400B90B79 /* DesignableX */,
				A68447DC1F02C8A400B90B79 /* FloatingActionButton.swift */,
				A684A5E31F0AC1E6007C6FCC /* ConfirmActionButton.swift */,
			);
			name = Resources;
			path = "../../../../Google Drive/Swift Development/SecretProject/SecretProject";
			sourceTree = "<group>";
		};
		A68447E11F02C8A400B90B79 /* Model */ = {
			isa = PBXGroup;
			children = (
				A6FC1B3B1F58A7DE00B08DC3 /* AuthService.swift */,
				A630165D1F3A6972006C0B7F /* NetworkProcessor.swift */,
				A630165F1F3A741E006C0B7F /* ForecastService.swift */,
				A63016611F3A7831006C0B7F /* CurrentWeather.swift */,
				A6201F971F439DFF001AD3F1 /* NearPlaces.swift */,
				A690D56F1F47722100C75280 /* APIKey.swift */,
				A64E95A31F4F8CEF00E6C1C1 /* Device.swift */,
				A64E95A51F50B6AA00E6C1C1 /* HeartRateMeasurement.swift */,
				A63417E61F561EE600F1CF99 /* DataServiceFirebase.swift */,
				A6FC1B411F59FB2A00B08DC3 /* ProfilePicture.swift */,
			);
			name = Model;
			path = "../../../../../Google Drive/Swift Development/SecretProject/SecretProject";
			sourceTree = "<group>";
		};
		A68447E61F02C8A400B90B79 /* View */ = {
			isa = PBXGroup;
			children = (
				A69FDB011F0D6CF1003D7D15 /* ScrollableGraphView.swift */,
				A69FDB031F0D6DC8003D7D15 /* UIColor+colorFromHex.swift */,
				A6F1C4171F1FD29F000B03AE /* style.json */,
			);
			name = View;
			path = "../../../../../Google Drive/Swift Development/SecretProject/SecretProject";
			sourceTree = "<group>";
		};
		A68447E91F02C8A400B90B79 /* Controller */ = {
			isa = PBXGroup;
			children = (
				A6FC1B471F5B295800B08DC3 /* Menu Controller */,
				A6FC1B4A1F5B2AAB00B08DC3 /* SignIn & Signup Controller */,
				A6FC1B4C1F5B2B0900B08DC3 /* Rider Detail Controller */,
				A6FC1B4B1F5B2ADB00B08DC3 /* Main Controller */,
				A68447E81F02C8A400B90B79 /* MenuViewController.swift */,
				A6431BDE1F0314A300466972 /* EbikeSettingViewController.swift */,
				A625DDDE1EC623B600DB521E /* MapViewController.swift */,
				A63CC22F1EFA121D00F2B7DC /* SignupViewController.swift */,
				A60DBB0F1F0D6B6E00AAD99D /* GraphViewController.swift */,
				A616805F1F1D60F000CE39D3 /* AnimateButtonController.swift */,
			);
			name = Controller;
			path = "../../../../../Google Drive/Swift Development/SecretProject/SecretProject";
			sourceTree = "<group>";
		};
		A68573F31EF0A22F005C96CC /* LogInPages */ = {
			isa = PBXGroup;
			children = (
				A6301CFD1EF05A190005EA12 /* Page.swift */,
				A6301CFB1EEF57170005EA12 /* PageCell.swift */,
				A68573F11EF084FD005C96CC /* LoginPage.swift */,
			);
			name = LogInPages;
			sourceTree = "<group>";
		};
		A68573F41EF0A271005C96CC /* Extensions&HelpFunc */ = {
			isa = PBXGroup;
			children = (
				A6301CFF1EF068680005EA12 /* Extensions.swift */,
				A6646FED1ED360FC00B6FF30 /* enum.swift */,
				A6303E081EEB5BD100A57596 /* ResizeImage.swift */,
				A663974C1F265B9F009D3C96 /* StoryboardSupport.swift */,
				A629C8A11F269521002924DE /* FormatDisplay.swift */,
				A663974E1F2661C1009D3C96 /* LocationManager.swift */,
				A667DF9A1F57446A000FDC33 /* EmailVerification.swift */,
			);
			name = "Extensions&HelpFunc";
			sourceTree = "<group>";
		};
		A68573F51EF0A2A6005C96CC /* Map */ = {
			isa = PBXGroup;
			children = (
				A690D5711F4774F200C75280 /* RouteStore.swift */,
				A64D79BB1ED4DBC800318A91 /* SearchResultsController.swift */,
			);
			name = Map;
			sourceTree = "<group>";
		};
		A68573F61EF0A2CB005C96CC /* Settings */ = {
			isa = PBXGroup;
			children = (
				A6301CF71EEF1D170005EA12 /* SettingCell.swift */,
				A6303E041EE9F34800A57596 /* SettingsLauncher.swift */,
			);
			name = Settings;
			sourceTree = "<group>";
		};
		A6BD1C641EF8424A00E5D8EE /* SubmitTransition */ = {
			isa = PBXGroup;
			children = (
				A6BD1C651EF842A100E5D8EE /* CGRectEx.swift */,
				A6BD1C661EF842A100E5D8EE /* FadeTransition.swift */,
				A6BD1C671EF842A100E5D8EE /* NSTimerEx.swift */,
				A6BD1C681EF842A100E5D8EE /* SpinerLayer.swift */,
				A6BD1C691EF842A100E5D8EE /* TransitionSubmitButton.swift */,
			);
			name = SubmitTransition;
			sourceTree = "<group>";
		};
		A6C7BFAB1F1933C10000E66A /* CircleMenuLoader */ = {
			isa = PBXGroup;
			children = (
				A6C7BFAA1F1933C10000E66A /* CircleMenuLoader.swift */,
			);
			path = CircleMenuLoader;
			sourceTree = "<group>";
		};
		A6C7BFAD1F1933C10000E66A /* CircleMenuButton */ = {
			isa = PBXGroup;
			children = (
				A6C7BFAC1F1933C10000E66A /* CircleMenuButton.swift */,
			);
			path = CircleMenuButton;
			sourceTree = "<group>";
		};
		A6C7BFAE1F1933C10000E66A /* CircleMenuLib */ = {
			isa = PBXGroup;
			children = (
				A6C7BFA91F1933C10000E66A /* CircleMenu.swift */,
				A6C7BFAB1F1933C10000E66A /* CircleMenuLoader */,
				A6C7BFAD1F1933C10000E66A /* CircleMenuButton */,
			);
			name = CircleMenuLib;
			path = "../../../../Downloads/circle-menu-master/CircleMenuLib";
			sourceTree = "<group>";
		};
		A6FC1B471F5B295800B08DC3 /* Menu Controller */ = {
			isa = PBXGroup;
			children = (
				A6FC1B3D1F59D7BD00B08DC3 /* SettingMenuSlide.swift */,
				A6FC1B431F5B16EF00B08DC3 /* SettingViewController.swift */,
				A6FC1B481F5B299900B08DC3 /* TermsAndPrivacyViewController.swift */,
				A6FC1B4D1F5BB84400B08DC3 /* GoalsViewController.swift */,
				A60EBC641F5F125D004AF307 /* MyStatsViewController.swift */,
			);
			name = "Menu Controller";
			sourceTree = "<group>";
		};
		A6FC1B4A1F5B2AAB00B08DC3 /* SignIn & Signup Controller */ = {
			isa = PBXGroup;
			children = (
				A6301CF91EEF4A2E0005EA12 /* LoginViewController.swift */,
				A64E95A71F548AE700E6C1C1 /* LoginAndOutViewController.swift */,
				A667DF941F573233000FDC33 /* SignupController.swift */,
				A60EBC6A1F5F4E72004AF307 /* SignInWithTouchIDViewController.swift */,
			);
			name = "SignIn & Signup Controller";
			sourceTree = "<group>";
		};
		A6FC1B4B1F5B2ADB00B08DC3 /* Main Controller */ = {
			isa = PBXGroup;
			children = (
				A661BF131F1002410029A905 /* RideStatusViewController.swift */,
			);
			name = "Main Controller";
			sourceTree = "<group>";
		};
		A6FC1B4C1F5B2B0900B08DC3 /* Rider Detail Controller */ = {
			isa = PBXGroup;
			children = (
				A6F1C4191F201063000B03AE /* EbikeDetailsViewController.swift */,
				A64966461F3583240039D768 /* HistoryDetailViewController.swift */,
				A6664F0A1F2FED47007316AA /* HistoryViewController.swift */,
			);
			name = "Rider Detail Controller";
			sourceTree = "<group>";
		};
/* End PBXGroup section */

/* Begin PBXNativeTarget section */
		A625DDD81EC623B600DB521E /* E-Bike App */ = {
			isa = PBXNativeTarget;
			buildConfigurationList = A625DDEE1EC623B600DB521E /* Build configuration list for PBXNativeTarget "E-Bike App" */;
			buildPhases = (
				A90801A25BBF1DEBF1987B9C /* [CP] Check Pods Manifest.lock */,
				A625DDD51EC623B600DB521E /* Sources */,
				A625DDD61EC623B600DB521E /* Frameworks */,
				A625DDD71EC623B600DB521E /* Resources */,
				261BD6F3A5E6F7D2FCF4389E /* [CP] Embed Pods Frameworks */,
				71C1F276E4934AF2B227C70A /* [CP] Copy Pods Resources */,
			);
			buildRules = (
			);
			dependencies = (
			);
			name = "E-Bike App";
			productName = "E-Bike App";
			productReference = A625DDD91EC623B600DB521E /* E-Bike App.app */;
			productType = "com.apple.product-type.application";
		};
/* End PBXNativeTarget section */

/* Begin PBXProject section */
		A625DDD11EC623B600DB521E /* Project object */ = {
			isa = PBXProject;
			attributes = {
				LastSwiftUpdateCheck = 0810;
				LastUpgradeCheck = 0830;
				ORGANIZATIONNAME = "DTI Holdings Inc";
				TargetAttributes = {
					A625DDD81EC623B600DB521E = {
						CreatedOnToolsVersion = 8.1;
						DevelopmentTeam = JB4K9XSBZ5;
						ProvisioningStyle = Automatic;
						SystemCapabilities = {
							com.apple.BackgroundModes = {
								enabled = 1;
							};
							com.apple.HealthKit = {
								enabled = 0;
							};
							com.apple.Maps.iOS = {
								enabled = 0;
							};
						};
					};
				};
			};
			buildConfigurationList = A625DDD41EC623B600DB521E /* Build configuration list for PBXProject "E-Bike App" */;
			compatibilityVersion = "Xcode 3.2";
			developmentRegion = English;
			hasScannedForEncodings = 0;
			knownRegions = (
				en,
				Base,
			);
			mainGroup = A625DDD01EC623B600DB521E;
			productRefGroup = A625DDDA1EC623B600DB521E /* Products */;
			projectDirPath = "";
			projectRoot = "";
			targets = (
				A625DDD81EC623B600DB521E /* E-Bike App */,
			);
		};
/* End PBXProject section */

/* Begin PBXResourcesBuildPhase section */
		A625DDD71EC623B600DB521E /* Resources */ = {
			isa = PBXResourcesBuildPhase;
			buildActionMask = 2147483647;
			files = (
				A625DDEA1EC623B600DB521E /* LaunchScreen.storyboard in Resources */,
				A625DDE71EC623B600DB521E /* Assets.xcassets in Resources */,
				A62487331F54D37F002D0D7E /* GoogleService-Info.plist in Resources */,
				A625DDE21EC623B600DB521E /* Main.storyboard in Resources */,
				A6F1C4181F1FD29F000B03AE /* style.json in Resources */,
			);
			runOnlyForDeploymentPostprocessing = 0;
		};
/* End PBXResourcesBuildPhase section */

/* Begin PBXShellScriptBuildPhase section */
		261BD6F3A5E6F7D2FCF4389E /* [CP] Embed Pods Frameworks */ = {
			isa = PBXShellScriptBuildPhase;
			buildActionMask = 2147483647;
			files = (
			);
			inputPaths = (
			);
			name = "[CP] Embed Pods Frameworks";
			outputPaths = (
			);
			runOnlyForDeploymentPostprocessing = 0;
			shellPath = /bin/sh;
			shellScript = "\"${SRCROOT}/Pods/Target Support Files/Pods-E-Bike App/Pods-E-Bike App-frameworks.sh\"\n";
			showEnvVarsInLog = 0;
		};
		71C1F276E4934AF2B227C70A /* [CP] Copy Pods Resources */ = {
			isa = PBXShellScriptBuildPhase;
			buildActionMask = 2147483647;
			files = (
			);
			inputPaths = (
			);
			name = "[CP] Copy Pods Resources";
			outputPaths = (
			);
			runOnlyForDeploymentPostprocessing = 0;
			shellPath = /bin/sh;
			shellScript = "\"${SRCROOT}/Pods/Target Support Files/Pods-E-Bike App/Pods-E-Bike App-resources.sh\"\n";
			showEnvVarsInLog = 0;
		};
		A90801A25BBF1DEBF1987B9C /* [CP] Check Pods Manifest.lock */ = {
			isa = PBXShellScriptBuildPhase;
			buildActionMask = 2147483647;
			files = (
			);
			inputPaths = (
			);
			name = "[CP] Check Pods Manifest.lock";
			outputPaths = (
			);
			runOnlyForDeploymentPostprocessing = 0;
			shellPath = /bin/sh;
			shellScript = "diff \"${PODS_PODFILE_DIR_PATH}/Podfile.lock\" \"${PODS_ROOT}/Manifest.lock\" > /dev/null\nif [ $? != 0 ] ; then\n    # print error to STDERR\n    echo \"error: The sandbox is not in sync with the Podfile.lock. Run 'pod install' or update your CocoaPods installation.\" >&2\n    exit 1\nfi\n";
			showEnvVarsInLog = 0;
		};
/* End PBXShellScriptBuildPhase section */

/* Begin PBXSourcesBuildPhase section */
		A625DDD51EC623B600DB521E /* Sources */ = {
			isa = PBXSourcesBuildPhase;
			buildActionMask = 2147483647;
			files = (
				A68447ED1F02C8A400B90B79 /* UILabelX.swift in Sources */,
				A6664F0B1F2FED47007316AA /* HistoryViewController.swift in Sources */,
				A6301CF81EEF1D170005EA12 /* SettingCell.swift in Sources */,
				A6BD1C6B1EF842A100E5D8EE /* FadeTransition.swift in Sources */,
				A69FDB021F0D6CF1003D7D15 /* ScrollableGraphView.swift in Sources */,
				A6FC1B4E1F5BB84400B08DC3 /* GoalsViewController.swift in Sources */,
				A625DDE51EC623B600DB521E /* E_Bike_App.xcdatamodeld in Sources */,
				A60EBC6B1F5F4E72004AF307 /* SignInWithTouchIDViewController.swift in Sources */,
				A690D5701F47722100C75280 /* APIKey.swift in Sources */,
				A64E95A81F548AE700E6C1C1 /* LoginAndOutViewController.swift in Sources */,
				A68447EE1F02C8A400B90B79 /* UIViewAnchorPoint.swift in Sources */,
				A667DF951F573233000FDC33 /* SignupController.swift in Sources */,
				A6144F9C1EDDF23C00204D02 /* Constant.swift in Sources */,
				A65548581F02CAB400968564 /* MenuNavigationViewController.swift in Sources */,
				A6144FA21EDDFC1800204D02 /* RootContainerViewController.swift in Sources */,
				A625DDDF1EC623B600DB521E /* MapViewController.swift in Sources */,
				A60EBC651F5F125D004AF307 /* MyStatsViewController.swift in Sources */,
				A6144F981EDDEF6200204D02 /* Utils.swift in Sources */,
				A68447EA1F02C8A400B90B79 /* UIViewXRadialGradient.swift in Sources */,
				A6646FEE1ED360FC00B6FF30 /* enum.swift in Sources */,
				A64D79BC1ED4DBC800318A91 /* SearchResultsController.swift in Sources */,
				A64E95A41F4F8CEF00E6C1C1 /* Device.swift in Sources */,
				A629C8A01F269499002924DE /* CoreDataStack.swift in Sources */,
				A6F1C41A1F201063000B03AE /* EbikeDetailsViewController.swift in Sources */,
				A61680601F1D60F000CE39D3 /* AnimateButtonController.swift in Sources */,
				A6144FA81EDE243200204D02 /* TileView.swift in Sources */,
				A63016601F3A741E006C0B7F /* ForecastService.swift in Sources */,
				A6FC1B3C1F58A7DE00B08DC3 /* AuthService.swift in Sources */,
				A6301CFC1EEF57170005EA12 /* PageCell.swift in Sources */,
				A6431BDF1F0314A300466972 /* EbikeSettingViewController.swift in Sources */,
				A6FC1B3E1F59D7BD00B08DC3 /* SettingMenuSlide.swift in Sources */,
				A63CC2301EFA121D00F2B7DC /* SignupViewController.swift in Sources */,
				A64966471F3583240039D768 /* HistoryDetailViewController.swift in Sources */,
				A625DDDD1EC623B600DB521E /* AppDelegate.swift in Sources */,
				A6301D001EF068680005EA12 /* Extensions.swift in Sources */,
				A68447EB1F02C8A400B90B79 /* UITextFieldX.swift in Sources */,
				A6BD1C6C1EF842A100E5D8EE /* NSTimerEx.swift in Sources */,
				A630165E1F3A6972006C0B7F /* NetworkProcessor.swift in Sources */,
				A63016621F3A7831006C0B7F /* CurrentWeather.swift in Sources */,
				A629C8A21F269521002924DE /* FormatDisplay.swift in Sources */,
				A6BD1C6D1EF842A100E5D8EE /* SpinerLayer.swift in Sources */,
				A6301CFA1EEF4A2E0005EA12 /* LoginViewController.swift in Sources */,
				A63417E71F561EE600F1CF99 /* DataServiceFirebase.swift in Sources */,
				A68447F51F02C8A400B90B79 /* FloatingActionButton.swift in Sources */,
				A6301CFE1EF05A190005EA12 /* Page.swift in Sources */,
				A68573F21EF084FD005C96CC /* LoginPage.swift in Sources */,
				A68447FD1F02C8A400B90B79 /* MenuViewController.swift in Sources */,
				A6303E091EEB5BD100A57596 /* ResizeImage.swift in Sources */,
				A690D5721F4774F200C75280 /* RouteStore.swift in Sources */,
				A6C7BFAF1F1933C10000E66A /* CircleMenu.swift in Sources */,
				A667DF9B1F57446A000FDC33 /* EmailVerification.swift in Sources */,
				A68447F21F02C8A400B90B79 /* UIVisualEffectViewX.swift in Sources */,
				A6303E051EE9F34800A57596 /* SettingsLauncher.swift in Sources */,
				A661BF141F1002410029A905 /* RideStatusViewController.swift in Sources */,
				A663974D1F265B9F009D3C96 /* StoryboardSupport.swift in Sources */,
				A69FDB041F0D6DC8003D7D15 /* UIColor+colorFromHex.swift in Sources */,
				A6144FA01EDDF7DB00204D02 /* AnimatedUILogoView.swift in Sources */,
				A60DBB101F0D6B6E00AAD99D /* GraphViewController.swift in Sources */,
				A6201F981F439DFF001AD3F1 /* NearPlaces.swift in Sources */,
				A6144FA61EDE242B00204D02 /* TileGridView.swift in Sources */,
				A6C7BFB11F1933C10000E66A /* CircleMenuButton.swift in Sources */,
				A68447EF1F02C8A400B90B79 /* UIViewControllerX.swift in Sources */,
				A6FC1B441F5B16EF00B08DC3 /* SettingViewController.swift in Sources */,
				A6FC1B491F5B299900B08DC3 /* TermsAndPrivacyViewController.swift in Sources */,
				A68447EC1F02C8A400B90B79 /* UIButtonX.swift in Sources */,
				A68447F31F02C8A400B90B79 /* UISliderX.swift in Sources */,
				A684A5E41F0AC1E6007C6FCC /* ConfirmActionButton.swift in Sources */,
				A68447F11F02C8A400B90B79 /* UIViewX.swift in Sources */,
				A6FC1B421F59FB2A00B08DC3 /* ProfilePicture.swift in Sources */,
				A6BD1C6A1EF842A100E5D8EE /* CGRectEx.swift in Sources */,
				A663974F1F2661C1009D3C96 /* LocationManager.swift in Sources */,
				A64E95A61F50B6AA00E6C1C1 /* HeartRateMeasurement.swift in Sources */,
				A68447F01F02C8A400B90B79 /* UIImageViewX.swift in Sources */,
				A6BD1C6E1EF842A100E5D8EE /* TransitionSubmitButton.swift in Sources */,
				A6144F9A1EDDF1FC00204D02 /* SplashViewController.swift in Sources */,
				A6C7BFB01F1933C10000E66A /* CircleMenuLoader.swift in Sources */,
			);
			runOnlyForDeploymentPostprocessing = 0;
		};
/* End PBXSourcesBuildPhase section */

/* Begin PBXVariantGroup section */
		A625DDE01EC623B600DB521E /* Main.storyboard */ = {
			isa = PBXVariantGroup;
			children = (
				A625DDE11EC623B600DB521E /* Base */,
			);
			name = Main.storyboard;
			sourceTree = "<group>";
		};
		A625DDE81EC623B600DB521E /* LaunchScreen.storyboard */ = {
			isa = PBXVariantGroup;
			children = (
				A625DDE91EC623B600DB521E /* Base */,
			);
			name = LaunchScreen.storyboard;
			sourceTree = "<group>";
		};
/* End PBXVariantGroup section */

/* Begin XCBuildConfiguration section */
		A625DDEC1EC623B600DB521E /* Debug */ = {
			isa = XCBuildConfiguration;
			buildSettings = {
				ALWAYS_SEARCH_USER_PATHS = NO;
				CLANG_ANALYZER_NONNULL = YES;
				CLANG_CXX_LANGUAGE_STANDARD = "gnu++0x";
				CLANG_CXX_LIBRARY = "libc++";
				CLANG_ENABLE_MODULES = YES;
				CLANG_ENABLE_OBJC_ARC = YES;
				CLANG_WARN_BOOL_CONVERSION = YES;
				CLANG_WARN_CONSTANT_CONVERSION = YES;
				CLANG_WARN_DIRECT_OBJC_ISA_USAGE = YES_ERROR;
				CLANG_WARN_DOCUMENTATION_COMMENTS = YES;
				CLANG_WARN_EMPTY_BODY = YES;
				CLANG_WARN_ENUM_CONVERSION = YES;
				CLANG_WARN_INFINITE_RECURSION = YES;
				CLANG_WARN_INT_CONVERSION = YES;
				CLANG_WARN_OBJC_ROOT_CLASS = YES_ERROR;
				CLANG_WARN_SUSPICIOUS_MOVE = YES;
				CLANG_WARN_SUSPICIOUS_MOVES = YES;
				CLANG_WARN_UNREACHABLE_CODE = YES;
				CLANG_WARN__DUPLICATE_METHOD_MATCH = YES;
				"CODE_SIGN_IDENTITY[sdk=iphoneos*]" = "iPhone Developer";
				COPY_PHASE_STRIP = NO;
				DEBUG_INFORMATION_FORMAT = dwarf;
				ENABLE_STRICT_OBJC_MSGSEND = YES;
				ENABLE_TESTABILITY = YES;
				GCC_C_LANGUAGE_STANDARD = gnu99;
				GCC_DYNAMIC_NO_PIC = NO;
				GCC_NO_COMMON_BLOCKS = YES;
				GCC_OPTIMIZATION_LEVEL = 0;
				GCC_PREPROCESSOR_DEFINITIONS = (
					"DEBUG=1",
					"$(inherited)",
				);
				GCC_WARN_64_TO_32_BIT_CONVERSION = YES;
				GCC_WARN_ABOUT_RETURN_TYPE = YES_ERROR;
				GCC_WARN_UNDECLARED_SELECTOR = YES;
				GCC_WARN_UNINITIALIZED_AUTOS = YES_AGGRESSIVE;
				GCC_WARN_UNUSED_FUNCTION = YES;
				GCC_WARN_UNUSED_VARIABLE = YES;
				IPHONEOS_DEPLOYMENT_TARGET = 10.1;
				MTL_ENABLE_DEBUG_INFO = YES;
				ONLY_ACTIVE_ARCH = YES;
				SDKROOT = iphoneos;
				SWIFT_ACTIVE_COMPILATION_CONDITIONS = DEBUG;
				SWIFT_OPTIMIZATION_LEVEL = "-Onone";
				TARGETED_DEVICE_FAMILY = "1,2";
			};
			name = Debug;
		};
		A625DDED1EC623B600DB521E /* Release */ = {
			isa = XCBuildConfiguration;
			buildSettings = {
				ALWAYS_SEARCH_USER_PATHS = NO;
				CLANG_ANALYZER_NONNULL = YES;
				CLANG_CXX_LANGUAGE_STANDARD = "gnu++0x";
				CLANG_CXX_LIBRARY = "libc++";
				CLANG_ENABLE_MODULES = YES;
				CLANG_ENABLE_OBJC_ARC = YES;
				CLANG_WARN_BOOL_CONVERSION = YES;
				CLANG_WARN_CONSTANT_CONVERSION = YES;
				CLANG_WARN_DIRECT_OBJC_ISA_USAGE = YES_ERROR;
				CLANG_WARN_DOCUMENTATION_COMMENTS = YES;
				CLANG_WARN_EMPTY_BODY = YES;
				CLANG_WARN_ENUM_CONVERSION = YES;
				CLANG_WARN_INFINITE_RECURSION = YES;
				CLANG_WARN_INT_CONVERSION = YES;
				CLANG_WARN_OBJC_ROOT_CLASS = YES_ERROR;
				CLANG_WARN_SUSPICIOUS_MOVE = YES;
				CLANG_WARN_SUSPICIOUS_MOVES = YES;
				CLANG_WARN_UNREACHABLE_CODE = YES;
				CLANG_WARN__DUPLICATE_METHOD_MATCH = YES;
				"CODE_SIGN_IDENTITY[sdk=iphoneos*]" = "iPhone Developer";
				COPY_PHASE_STRIP = NO;
				DEBUG_INFORMATION_FORMAT = "dwarf-with-dsym";
				ENABLE_NS_ASSERTIONS = NO;
				ENABLE_STRICT_OBJC_MSGSEND = YES;
				GCC_C_LANGUAGE_STANDARD = gnu99;
				GCC_NO_COMMON_BLOCKS = YES;
				GCC_WARN_64_TO_32_BIT_CONVERSION = YES;
				GCC_WARN_ABOUT_RETURN_TYPE = YES_ERROR;
				GCC_WARN_UNDECLARED_SELECTOR = YES;
				GCC_WARN_UNINITIALIZED_AUTOS = YES_AGGRESSIVE;
				GCC_WARN_UNUSED_FUNCTION = YES;
				GCC_WARN_UNUSED_VARIABLE = YES;
				IPHONEOS_DEPLOYMENT_TARGET = 10.1;
				MTL_ENABLE_DEBUG_INFO = NO;
				SDKROOT = iphoneos;
				SWIFT_OPTIMIZATION_LEVEL = "-Owholemodule";
				TARGETED_DEVICE_FAMILY = "1,2";
				VALIDATE_PRODUCT = YES;
			};
			name = Release;
		};
		A625DDEF1EC623B600DB521E /* Debug */ = {
			isa = XCBuildConfiguration;
			baseConfigurationReference = ACF4783236EC3749D3BED074 /* Pods-E-Bike App.debug.xcconfig */;
			buildSettings = {
				ASSETCATALOG_COMPILER_APPICON_NAME = AppIcon;
				"CODE_SIGN_IDENTITY[sdk=iphoneos*]" = "iPhone Developer";
				DEVELOPMENT_TEAM = JB4K9XSBZ5;
				INFOPLIST_FILE = "E-Bike App/Info.plist";
				LD_RUNPATH_SEARCH_PATHS = "$(inherited) @executable_path/Frameworks";
				PRODUCT_BUNDLE_IDENTIFIER = com.dtiholdings;
				PRODUCT_NAME = "$(TARGET_NAME)";
				SWIFT_VERSION = 3.0;
				TARGETED_DEVICE_FAMILY = 1;
			};
			name = Debug;
		};
		A625DDF01EC623B600DB521E /* Release */ = {
			isa = XCBuildConfiguration;
			baseConfigurationReference = 22A681EB5AF2C4ED7C8D8D86 /* Pods-E-Bike App.release.xcconfig */;
			buildSettings = {
				ASSETCATALOG_COMPILER_APPICON_NAME = AppIcon;
				"CODE_SIGN_IDENTITY[sdk=iphoneos*]" = "iPhone Developer";
				DEVELOPMENT_TEAM = JB4K9XSBZ5;
				INFOPLIST_FILE = "E-Bike App/Info.plist";
				LD_RUNPATH_SEARCH_PATHS = "$(inherited) @executable_path/Frameworks";
				PRODUCT_BUNDLE_IDENTIFIER = com.dtiholdings;
				PRODUCT_NAME = "$(TARGET_NAME)";
				SWIFT_VERSION = 3.0;
				TARGETED_DEVICE_FAMILY = 1;
			};
			name = Release;
		};
/* End XCBuildConfiguration section */

/* Begin XCConfigurationList section */
		A625DDD41EC623B600DB521E /* Build configuration list for PBXProject "E-Bike App" */ = {
			isa = XCConfigurationList;
			buildConfigurations = (
				A625DDEC1EC623B600DB521E /* Debug */,
				A625DDED1EC623B600DB521E /* Release */,
			);
			defaultConfigurationIsVisible = 0;
			defaultConfigurationName = Release;
		};
		A625DDEE1EC623B600DB521E /* Build configuration list for PBXNativeTarget "E-Bike App" */ = {
			isa = XCConfigurationList;
			buildConfigurations = (
				A625DDEF1EC623B600DB521E /* Debug */,
				A625DDF01EC623B600DB521E /* Release */,
			);
			defaultConfigurationIsVisible = 0;
			defaultConfigurationName = Release;
		};
/* End XCConfigurationList section */

/* Begin XCVersionGroup section */
		A625DDE31EC623B600DB521E /* E_Bike_App.xcdatamodeld */ = {
			isa = XCVersionGroup;
			children = (
				A625DDE41EC623B600DB521E /* E_Bike_App.xcdatamodel */,
			);
			currentVersion = A625DDE41EC623B600DB521E /* E_Bike_App.xcdatamodel */;
			path = E_Bike_App.xcdatamodeld;
			sourceTree = "<group>";
			versionGroupType = wrapper.xcdatamodel;
		};
/* End XCVersionGroup section */
	};
	rootObject = A625DDD11EC623B600DB521E /* Project object */;
}
